# Code generated by scarb DO NOT EDIT.
version = 1

[[package]]
name = "fixed"
version = "0.4.0"
source = "registry+https://scarbs.xyz/"
checksum = "sha256:a8f7ec541b8cc85894688ae9008cddb87cccc55a024b04b35f7fd3716d715064"

[[package]]
name = "glam"
version = "0.4.0"
source = "registry+https://scarbs.xyz/"
checksum = "sha256:d3b4327f57b012dfa848e948ca7faee8dd10f475eaaa62e8456dcb640c4835fc"
dependencies = [
 "fixed",
]

[[package]]
name = "nalgebra"
version = "0.1.0"
dependencies = [
 "fixed",
 "nalgebra_testing",
 "simba",
 "snforge_std",
]

[[package]]
name = "nalgebra_glam"
version = "0.1.0"
dependencies = [
 "fixed",
 "glam",
 "nalgebra",
 "nalgebra_testing",
 "snforge_std",
]

[[package]]
name = "nalgebra_shapes_tests_blas"
version = "0.1.0"
dependencies = [
 "fixed",
 "nalgebra",
 "nalgebra_testing",
 "simba",
 "snforge_std",
]

[[package]]
name = "nalgebra_shapes_tests_blocks"
version = "0.1.0"
dependencies = [
 "fixed",
 "nalgebra",
 "nalgebra_testing",
 "simba",
 "snforge_std",
]

[[package]]
name = "nalgebra_shapes_tests_cg"
version = "0.1.0"
dependencies = [
 "fixed",
 "nalgebra",
 "nalgebra_testing",
 "simba",
 "snforge_std",
]

[[package]]
name = "nalgebra_shapes_tests_componentwise"
version = "0.1.0"
dependencies = [
 "fixed",
 "nalgebra",
 "nalgebra_testing",
 "simba",
 "snforge_std",
]

[[package]]
name = "nalgebra_shapes_tests_construction"
version = "0.1.0"
dependencies = [
 "fixed",
 "nalgebra",
 "nalgebra_testing",
 "simba",
 "snforge_std",
]

[[package]]
name = "nalgebra_shapes_tests_core"
version = "0.1.0"
dependencies = [
 "fixed",
 "nalgebra",
 "nalgebra_testing",
 "simba",
 "snforge_std",
]

[[package]]
name = "nalgebra_shapes_tests_edition"
version = "0.1.0"
dependencies = [
 "fixed",
 "nalgebra",
 "nalgebra_testing",
 "simba",
 "snforge_std",
]

[[package]]
name = "nalgebra_shapes_tests_functional"
version = "0.1.0"
dependencies = [
 "fixed",
 "nalgebra",
 "nalgebra_testing",
 "simba",
 "snforge_std",
]

[[package]]
name = "nalgebra_shapes_tests_gemm"
version = "0.1.0"
dependencies = [
 "fixed",
 "nalgebra",
 "nalgebra_testing",
 "simba",
 "snforge_std",
]

[[package]]
name = "nalgebra_shapes_tests_gemm_large"
version = "0.1.0"
dependencies = [
 "fixed",
 "nalgebra",
 "nalgebra_testing",
 "simba",
 "snforge_std",
]

[[package]]
name = "nalgebra_shapes_tests_inplace"
version = "0.1.0"
dependencies = [
 "fixed",
 "nalgebra",
 "nalgebra_testing",
 "simba",
 "snforge_std",
]

[[package]]
name = "nalgebra_shapes_tests_norms"
version = "0.1.0"
dependencies = [
 "fixed",
 "nalgebra",
 "nalgebra_testing",
 "simba",
 "snforge_std",
]

[[package]]
name = "nalgebra_shapes_tests_stats"
version = "0.1.0"
dependencies = [
 "fixed",
 "nalgebra",
 "nalgebra_testing",
 "simba",
 "snforge_std",
]

[[package]]
name = "nalgebra_shapes_tests_structure"
version = "0.1.0"
dependencies = [
 "fixed",
 "nalgebra",
 "nalgebra_testing",
 "simba",
 "snforge_std",
]

[[package]]
name = "nalgebra_shapes_tests_views"
version = "0.1.0"
dependencies = [
 "fixed",
 "nalgebra",
 "nalgebra_testing",
 "simba",
 "snforge_std",
]

[[package]]
name = "nalgebra_testing"
version = "0.1.0"
dependencies = [
 "snforge_std",
]

[[package]]
name = "nalgebra_tests_base"
version = "0.1.0"
dependencies = [
 "fixed",
 "nalgebra",
 "nalgebra_testing",
 "nalgebra_tests_utils",
 "simba",
 "snforge_std",
]

[[package]]
name = "nalgebra_tests_dynamic"
version = "0.1.0"
dependencies = [
 "fixed",
 "nalgebra",
 "nalgebra_testing",
 "nalgebra_tests_utils",
 "simba",
 "snforge_std",
]

[[package]]
name = "nalgebra_tests_geometry"
version = "0.1.0"
dependencies = [
 "fixed",
 "nalgebra",
 "nalgebra_testing",
 "nalgebra_tests_utils",
 "simba",
 "snforge_std",
]

[[package]]
name = "nalgebra_tests_geometry_dual"
version = "0.1.0"
dependencies = [
 "fixed",
 "nalgebra",
 "nalgebra_testing",
 "nalgebra_tests_utils",
 "simba",
 "snforge_std",
]

[[package]]
name = "nalgebra_tests_geometry_ext"
version = "0.1.0"
dependencies = [
 "fixed",
 "nalgebra",
 "nalgebra_testing",
 "nalgebra_tests_utils",
 "simba",
 "snforge_std",
]

[[package]]
name = "nalgebra_tests_geometry_poses"
version = "0.1.0"
dependencies = [
 "fixed",
 "nalgebra",
 "nalgebra_testing",
 "nalgebra_tests_utils",
 "simba",
 "snforge_std",
]

[[package]]
name = "nalgebra_tests_geometry_projections"
version = "0.1.0"
dependencies = [
 "fixed",
 "nalgebra",
 "nalgebra_testing",
 "nalgebra_tests_utils",
 "simba",
 "snforge_std",
]

[[package]]
name = "nalgebra_tests_geometry_scale"
version = "0.1.0"
dependencies = [
 "fixed",
 "nalgebra",
 "nalgebra_testing",
 "nalgebra_tests_utils",
 "simba",
 "snforge_std",
]

[[package]]
name = "nalgebra_tests_geometry_transform"
version = "0.1.0"
dependencies = [
 "fixed",
 "nalgebra",
 "nalgebra_testing",
 "nalgebra_tests_utils",
 "simba",
 "snforge_std",
]

[[package]]
name = "nalgebra_tests_linalg"
version = "0.1.0"
dependencies = [
 "fixed",
 "nalgebra",
 "nalgebra_testing",
 "nalgebra_tests_utils",
 "simba",
 "snforge_std",
]

[[package]]
name = "nalgebra_tests_linalg_cholesky_update"
version = "0.1.0"
dependencies = [
 "fixed",
 "nalgebra",
 "nalgebra_testing",
 "nalgebra_tests_utils",
 "simba",
 "snforge_std",
]

[[package]]
name = "nalgebra_tests_linalg_eigen"
version = "0.1.0"
dependencies = [
 "fixed",
 "nalgebra",
 "nalgebra_testing",
 "nalgebra_tests_utils",
 "simba",
 "snforge_std",
]

[[package]]
name = "nalgebra_tests_linalg_factor"
version = "0.1.0"
dependencies = [
 "fixed",
 "nalgebra",
 "nalgebra_testing",
 "nalgebra_tests_utils",
 "simba",
 "snforge_std",
]

[[package]]
name = "nalgebra_tests_linalg_pivot_lblt"
version = "0.1.0"
dependencies = [
 "fixed",
 "nalgebra",
 "nalgebra_testing",
 "nalgebra_tests_utils",
 "simba",
 "snforge_std",
]

[[package]]
name = "nalgebra_tests_linalg_pivot_lu"
version = "0.1.0"
dependencies = [
 "fixed",
 "nalgebra",
 "nalgebra_testing",
 "nalgebra_tests_utils",
 "simba",
 "snforge_std",
]

[[package]]
name = "nalgebra_tests_linalg_pivot_lu_tall"
version = "0.1.0"
dependencies = [
 "fixed",
 "nalgebra",
 "nalgebra_testing",
 "nalgebra_tests_utils",
 "simba",
 "snforge_std",
]

[[package]]
name = "nalgebra_tests_linalg_pivot_lu_wide"
version = "0.1.0"
dependencies = [
 "fixed",
 "nalgebra",
 "nalgebra_testing",
 "nalgebra_tests_utils",
 "simba",
 "snforge_std",
]

[[package]]
name = "nalgebra_tests_linalg_pivot_qr"
version = "0.1.0"
dependencies = [
 "fixed",
 "nalgebra",
 "nalgebra_testing",
 "nalgebra_tests_utils",
 "simba",
 "snforge_std",
]

[[package]]
name = "nalgebra_tests_linalg_pivot_qr_tall"
version = "0.1.0"
dependencies = [
 "fixed",
 "nalgebra",
 "nalgebra_testing",
 "nalgebra_tests_utils",
 "simba",
 "snforge_std",
]

[[package]]
name = "nalgebra_tests_linalg_pivot_qr_wide"
version = "0.1.0"
dependencies = [
 "fixed",
 "nalgebra",
 "nalgebra_testing",
 "nalgebra_tests_utils",
 "simba",
 "snforge_std",
]

[[package]]
name = "nalgebra_tests_linalg_qr"
version = "0.1.0"
dependencies = [
 "fixed",
 "nalgebra",
 "nalgebra_testing",
 "nalgebra_tests_utils",
 "simba",
 "snforge_std",
]

[[package]]
name = "nalgebra_tests_linalg_qr6"
version = "0.1.0"
dependencies = [
 "fixed",
 "nalgebra",
 "nalgebra_testing",
 "nalgebra_tests_utils",
 "simba",
 "snforge_std",
]

[[package]]
name = "nalgebra_tests_linalg_qr_tall"
version = "0.1.0"
dependencies = [
 "fixed",
 "nalgebra",
 "nalgebra_testing",
 "nalgebra_tests_utils",
 "simba",
 "snforge_std",
]

[[package]]
name = "nalgebra_tests_linalg_solve"
version = "0.1.0"
dependencies = [
 "fixed",
 "nalgebra",
 "nalgebra_testing",
 "nalgebra_tests_utils",
 "simba",
 "snforge_std",
]

[[package]]
name = "nalgebra_tests_linalg_solve_rhs"
version = "0.1.0"
dependencies = [
 "fixed",
 "nalgebra",
 "nalgebra_testing",
 "nalgebra_tests_utils",
 "simba",
 "snforge_std",
]

[[package]]
name = "nalgebra_tests_linalg_svd"
version = "0.1.0"
dependencies = [
 "fixed",
 "nalgebra",
 "nalgebra_testing",
 "nalgebra_tests_utils",
 "simba",
 "snforge_std",
]

[[package]]
name = "nalgebra_tests_linalg_svd5"
version = "0.1.0"
dependencies = [
 "fixed",
 "nalgebra",
 "nalgebra_testing",
 "nalgebra_tests_utils",
 "simba",
 "snforge_std",
]

[[package]]
name = "nalgebra_tests_linalg_svd6"
version = "0.1.0"
dependencies = [
 "fixed",
 "nalgebra",
 "nalgebra_testing",
 "nalgebra_tests_utils",
 "simba",
 "snforge_std",
]

[[package]]
name = "nalgebra_tests_linalg_svd_tall"
version = "0.1.0"
dependencies = [
 "fixed",
 "nalgebra",
 "nalgebra_testing",
 "nalgebra_tests_utils",
 "simba",
 "snforge_std",
]

[[package]]
name = "nalgebra_tests_linalg_svd_tall5"
version = "0.1.0"
dependencies = [
 "fixed",
 "nalgebra",
 "nalgebra_testing",
 "nalgebra_tests_utils",
 "simba",
 "snforge_std",
]

[[package]]
name = "nalgebra_tests_linalg_svd_tall6"
version = "0.1.0"
dependencies = [
 "fixed",
 "nalgebra",
 "nalgebra_testing",
 "nalgebra_tests_utils",
 "simba",
 "snforge_std",
]

[[package]]
name = "nalgebra_tests_linalg_svd_tall6b"
version = "0.1.0"
dependencies = [
 "fixed",
 "nalgebra",
 "nalgebra_testing",
 "nalgebra_tests_utils",
 "simba",
 "snforge_std",
]

[[package]]
name = "nalgebra_tests_linalg_svd_wide"
version = "0.1.0"
dependencies = [
 "fixed",
 "nalgebra",
 "nalgebra_testing",
 "nalgebra_tests_utils",
 "simba",
 "snforge_std",
]

[[package]]
name = "nalgebra_tests_linalg_svd_wide5"
version = "0.1.0"
dependencies = [
 "fixed",
 "nalgebra",
 "nalgebra_testing",
 "nalgebra_tests_utils",
 "simba",
 "snforge_std",
]

[[package]]
name = "nalgebra_tests_linalg_svd_wide6"
version = "0.1.0"
dependencies = [
 "fixed",
 "nalgebra",
 "nalgebra_testing",
 "nalgebra_tests_utils",
 "simba",
 "snforge_std",
]

[[package]]
name = "nalgebra_tests_linalg_svd_wide6b"
version = "0.1.0"
dependencies = [
 "fixed",
 "nalgebra",
 "nalgebra_testing",
 "nalgebra_tests_utils",
 "simba",
 "snforge_std",
]

[[package]]
name = "nalgebra_tests_root"
version = "0.1.0"
dependencies = [
 "fixed",
 "nalgebra",
 "nalgebra_testing",
 "nalgebra_tests_utils",
 "simba",
 "snforge_std",
]

[[package]]
name = "nalgebra_tests_sparse"
version = "0.1.0"
dependencies = [
 "fixed",
 "nalgebra",
 "nalgebra_testing",
 "nalgebra_tests_utils",
 "simba",
 "snforge_std",
]

[[package]]
name = "nalgebra_tests_utils"
version = "0.1.0"
dependencies = [
 "fixed",
 "nalgebra",
 "simba",
 "snforge_std",
]

[[package]]
name = "simba"
version = "0.2.0"
source = "registry+https://scarbs.xyz/"
checksum = "sha256:32552b101faa02f5e648efcaf58379d84ea0dfc58bc11753877e87acee5ae428"
dependencies = [
 "fixed",
]

[[package]]
name = "snforge_scarb_plugin"
version = "0.61.0"
source = "registry+https://scarbs.xyz/"
checksum = "sha256:6b5d7d4e3fc03b00a9913cb31c9bcf2a1fde23c10760e776fdac493b1f39086b"

[[package]]
name = "snforge_std"
version = "0.61.0"
source = "registry+https://scarbs.xyz/"
checksum = "sha256:e54712a6a33b746e1898db099688ed8b980eaed24d4dd21abf54285f04cf3aeb"
dependencies = [
 "snforge_scarb_plugin",
]
