# Code generated by scarb DO NOT EDIT.
version = 1

[[package]]
name = "alexandria_linalg"
version = "0.10.0"
source = "registry+https://scarbs.xyz/"
checksum = "sha256:798d0b6cd11b36f541307b6580b925a1e0f3f7fdc4719d524e74ecbb1bbf7814"
dependencies = [
 "alexandria_math",
]

[[package]]
name = "alexandria_math"
version = "0.10.0"
source = "registry+https://scarbs.xyz/"
checksum = "sha256:b370905ed122b693a364690b83837bc40eb0640ebba334efeed0c0ec666432e5"

[[package]]
name = "cubit"
version = "1.4.0"

[[package]]
name = "harness"
version = "0.1.0"

[[package]]
name = "libs"
version = "0.1.0"
dependencies = [
 "alexandria_linalg",
 "alexandria_math",
 "cubit",
 "harness",
 "origami_algebra",
 "orion",
 "snforge_std",
]

[[package]]
name = "origami_algebra"
version = "1.1.2"
dependencies = [
 "cubit",
]

[[package]]
name = "orion"
version = "0.2.5"
dependencies = [
 "cubit",
]

[[package]]
name = "snforge_scarb_plugin"
version = "0.64.0"
source = "registry+https://scarbs.xyz/"
checksum = "sha256:b6e330b8303add0d1a32e636e4e0d2b44a6b4ff5632bfe0ce66f136a701ae151"

[[package]]
name = "snforge_std"
version = "0.64.0"
source = "registry+https://scarbs.xyz/"
checksum = "sha256:ea9ca83895fd0ae4b99c5cf93b384b8045dc0dca80a075ecef1ee9fdf5ffa6f5"
dependencies = [
 "snforge_scarb_plugin",
]
